
Microsoft Visual Studio Solution File, Format Version 12.00
# Visual Studio Version 16
VisualStudioVersion = 16.0.30907.101
MinimumVisualStudioVersion = 10.0.40219.1
Project("{FAE04EC0-301F-11D3-BF4B-00C04F79EFBC}") = "Projekt Sente", "Projekt Sente\Projekt Sente.csproj", "{092CFEAD-2A15-49A4-A0D8-A1794F57D612}"
EndProject
Global
	GlobalSection(SolutionConfigurationPlatforms) = preSolution
		Debug|Any CPU = Debug|Any CPU
		Release|Any CPU = Release|Any CPU
	EndGlobalSection
	GlobalSection(ProjectConfigurationPlatforms) = postSolution
		{092CFEAD-2A15-49A4-A0D8-A1794F57D612}.Debug|Any CPU.ActiveCfg = Debug|Any CPU
		{092CFEAD-2A15-49A4-A0D8-A1794F57D612}.Debug|Any CPU.Build.0 = Debug|Any CPU
		{092CFEAD-2A15-49A4-A0D8-A1794F57D612}.Release|Any CPU.ActiveCfg = Release|Any CPU
		{092CFEAD-2A15-49A4-A0D8-A1794F57D612}.Release|Any CPU.Build.0 = Release|Any CPU
	EndGlobalSection
	GlobalSection(SolutionProperties) = preSolution
		HideSolutionNode = FALSE
	EndGlobalSection
	GlobalSection(ExtensibilityGlobals) = postSolution
		SolutionGuid = {EEABF57C-C9DA-43E5-8D97-7C6CD827BBC1}
	EndGlobalSection
EndGlobal
